
Microsoft Visual Studio Solution File, Format Version 12.00
# Visual Studio Version 16
VisualStudioVersion = 16.0.31025.218
MinimumVisualStudioVersion = 10.0.40219.1
Project("{FAE04EC0-301F-11D3-BF4B-00C04F79EFBC}") = "BlazorCalculator.Library", "BlazorCalculator.Library\BlazorCalculator.Library.csproj", "{29D0DBAF-EA22-4DF4-A665-48CA800641B0}"
EndProject
Project("{FAE04EC0-301F-11D3-BF4B-00C04F79EFBC}") = "BlazorCalculator.Server", "BlazorCalculator.Server\BlazorCalculator.Server.csproj", "{1393D23B-F71D-4D53-B666-1C8DB6C2B5A0}"
EndProject
Global
	GlobalSection(SolutionConfigurationPlatforms) = preSolution
		Debug|Any CPU = Debug|Any CPU
		Release|Any CPU = Release|Any CPU
	EndGlobalSection
	GlobalSection(ProjectConfigurationPlatforms) = postSolution
		{29D0DBAF-EA22-4DF4-A665-48CA800641B0}.Debug|Any CPU.ActiveCfg = Debug|Any CPU
		{29D0DBAF-EA22-4DF4-A665-48CA800641B0}.Debug|Any CPU.Build.0 = Debug|Any CPU
		{29D0DBAF-EA22-4DF4-A665-48CA800641B0}.Release|Any CPU.ActiveCfg = Release|Any CPU
		{29D0DBAF-EA22-4DF4-A665-48CA800641B0}.Release|Any CPU.Build.0 = Release|Any CPU
		{1393D23B-F71D-4D53-B666-1C8DB6C2B5A0}.Debug|Any CPU.ActiveCfg = Debug|Any CPU
		{1393D23B-F71D-4D53-B666-1C8DB6C2B5A0}.Debug|Any CPU.Build.0 = Debug|Any CPU
		{1393D23B-F71D-4D53-B666-1C8DB6C2B5A0}.Release|Any CPU.ActiveCfg = Release|Any CPU
		{1393D23B-F71D-4D53-B666-1C8DB6C2B5A0}.Release|Any CPU.Build.0 = Release|Any CPU
	EndGlobalSection
	GlobalSection(SolutionProperties) = preSolution
		HideSolutionNode = FALSE
	EndGlobalSection
	GlobalSection(ExtensibilityGlobals) = postSolution
		SolutionGuid = {AC0F3436-E502-4130-910C-E51184A97F86}
	EndGlobalSection
EndGlobal
